
Microsoft Visual Studio Solution File, Format Version 12.00
# Visual Studio Version 16
VisualStudioVersion = 16.0.31025.194
MinimumVisualStudioVersion = 10.0.40219.1
Project("{FAE04EC0-301F-11D3-BF4B-00C04F79EFBC}") = "Reservation_hotel_SW1", "Reservation_hotel_SW1.csproj", "{D4C990CB-5654-49BD-955C-4EA03EEC4861}"
EndProject
Global
	GlobalSection(SolutionConfigurationPlatforms) = preSolution
		Debug|Any CPU = Debug|Any CPU
		Release|Any CPU = Release|Any CPU
	EndGlobalSection
	GlobalSection(ProjectConfigurationPlatforms) = postSolution
		{D4C990CB-5654-49BD-955C-4EA03EEC4861}.Debug|Any CPU.ActiveCfg = Debug|Any CPU
		{D4C990CB-5654-49BD-955C-4EA03EEC4861}.Debug|Any CPU.Build.0 = Debug|Any CPU
		{D4C990CB-5654-49BD-955C-4EA03EEC4861}.Release|Any CPU.ActiveCfg = Release|Any CPU
		{D4C990CB-5654-49BD-955C-4EA03EEC4861}.Release|Any CPU.Build.0 = Release|Any CPU
	EndGlobalSection
	GlobalSection(SolutionProperties) = preSolution
		HideSolutionNode = FALSE
	EndGlobalSection
	GlobalSection(ExtensibilityGlobals) = postSolution
		SolutionGuid = {2D34A77A-C6DA-4FA8-A1C9-3347D086711F}
	EndGlobalSection
EndGlobal
