
Microsoft Visual Studio Solution File, Format Version 12.00
# Visual Studio Version 16
VisualStudioVersion = 16.0.31025.194
MinimumVisualStudioVersion = 10.0.40219.1
Project("{FAE04EC0-301F-11D3-BF4B-00C04F79EFBC}") = "AgencyClient", "AgencyClient.csproj", "{B4DA2645-68E0-4874-8BC6-A6AC5D522274}"
EndProject
Global
	GlobalSection(SolutionConfigurationPlatforms) = preSolution
		Debug|Any CPU = Debug|Any CPU
		Release|Any CPU = Release|Any CPU
	EndGlobalSection
	GlobalSection(ProjectConfigurationPlatforms) = postSolution
		{B4DA2645-68E0-4874-8BC6-A6AC5D522274}.Debug|Any CPU.ActiveCfg = Debug|Any CPU
		{B4DA2645-68E0-4874-8BC6-A6AC5D522274}.Debug|Any CPU.Build.0 = Debug|Any CPU
		{B4DA2645-68E0-4874-8BC6-A6AC5D522274}.Release|Any CPU.ActiveCfg = Release|Any CPU
		{B4DA2645-68E0-4874-8BC6-A6AC5D522274}.Release|Any CPU.Build.0 = Release|Any CPU
	EndGlobalSection
	GlobalSection(SolutionProperties) = preSolution
		HideSolutionNode = FALSE
	EndGlobalSection
	GlobalSection(ExtensibilityGlobals) = postSolution
		SolutionGuid = {AC24EBC4-B080-47A8-8FE1-4BAC41F97060}
	EndGlobalSection
EndGlobal
